{
  "version": 4,
  "terraform_version": "1.5.7",
  "serial": 8,
  "lineage": "1edc7d8d-2069-1af2-3d8d-204f554d121f",
  "outputs": {
    "webapp_ips": {
      "value": "20.8.20.201,20.8.20.216,20.8.19.69,20.8.20.217,20.8.21.120,20.8.21.121,20.31.12.199,4.175.242.173,20.8.17.65,4.175.245.22,4.175.246.32,4.175.246.56,20.105.224.46",
      "type": "string"
    },
    "webapp_url": {
      "value": "bazarspipon.azurewebsites.net",
      "type": "string"
    }
  },
  "resources": [
    {
      "mode": "managed",
      "type": "azurerm_app_service_source_control",
      "name": "svc",
      "provider": "provider[\"registry.terraform.io/hashicorp/azurerm\"]",
      "instances": [
        {
          "schema_version": 0,
          "attributes": {
            "app_id": "/subscriptions/b62e4c03-097f-45cb-8dff-7f1becf61d13/resourceGroups/RgBazars/providers/Microsoft.Web/sites/bazarspipon",
            "branch": "main",
            "github_action_configuration": [],
            "id": "/subscriptions/b62e4c03-097f-45cb-8dff-7f1becf61d13/resourceGroups/RgBazars/providers/Microsoft.Web/sites/bazarspipon",
            "repo_url": "https://github.com/boyab9184/SoftUniBazar.git",
            "rollback_enabled": false,
            "scm_type": "ExternalGit",
            "timeouts": null,
            "use_local_git": false,
            "use_manual_integration": true,
            "use_mercurial": false,
            "uses_github_action": false
          },
          "sensitive_attributes": [],
          "private": "eyJlMmJmYjczMC1lY2FhLTExZTYtOGY4OC0zNDM2M2JjN2M0YzAiOnsiY3JlYXRlIjoxODAwMDAwMDAwMDAwLCJkZWxldGUiOjE4MDAwMDAwMDAwMDAsInJlYWQiOjMwMDAwMDAwMDAwMH19",
          "dependencies": [
            "azurerm_linux_web_app.webapp",
            "azurerm_mssql_database.database",
            "azurerm_mssql_server.sqlserver",
            "azurerm_resource_group.rg",
            "azurerm_service_plan.asp"
          ]
        }
      ]
    },
    {
      "mode": "managed",
      "type": "azurerm_linux_web_app",
      "name": "webapp",
      "provider": "provider[\"registry.terraform.io/hashicorp/azurerm\"]",
      "instances": [
        {
          "schema_version": 0,
          "attributes": {
            "app_settings": null,
            "auth_settings": [
              {
                "active_directory": [],
                "additional_login_parameters": {},
                "allowed_external_redirect_urls": [],
                "default_provider": "",
                "enabled": false,
                "facebook": [],
                "github": [],
                "google": [],
                "issuer": "",
                "microsoft": [],
                "runtime_version": "",
                "token_refresh_extension_hours": 0,
                "token_store_enabled": false,
                "twitter": [],
                "unauthenticated_client_action": ""
              }
            ],
            "backup": [],
            "client_affinity_enabled": false,
            "client_certificate_enabled": false,
            "client_certificate_mode": "Required",
            "connection_string": [
              {
                "name": "DefaultConnection",
                "type": "SQLAzure",
                "value": "Data Source=tcp:bazars-sql.database.windows.net,1433;Initial Catalog=BazarsDB;User ID=missadministrator;Password=myStrongPassword12#;Trusted_Connection=False; MultipleActiveResultSets=True;"
              }
            ],
            "custom_domain_verification_id": "FB8A60960947454EC982679761681ED0A95C4C3B66CD90E5DF913D1C9A519297",
            "default_hostname": "bazarspipon.azurewebsites.net",
            "enabled": true,
            "https_only": false,
            "id": "/subscriptions/b62e4c03-097f-45cb-8dff-7f1becf61d13/resourceGroups/RgBazars/providers/Microsoft.Web/sites/bazarspipon",
            "identity": [],
            "key_vault_reference_identity_id": "SystemAssigned",
            "kind": "app,linux",
            "location": "westeurope",
            "logs": [],
            "name": "bazarspipon",
            "outbound_ip_address_list": [
              "20.8.20.201",
              "20.8.20.216",
              "20.8.19.69",
              "20.8.20.217",
              "20.8.21.120",
              "20.8.21.121",
              "20.31.12.199",
              "4.175.242.173",
              "20.8.17.65",
              "4.175.245.22",
              "4.175.246.32",
              "4.175.246.56",
              "20.105.224.46"
            ],
            "outbound_ip_addresses": "20.8.20.201,20.8.20.216,20.8.19.69,20.8.20.217,20.8.21.120,20.8.21.121,20.31.12.199,4.175.242.173,20.8.17.65,4.175.245.22,4.175.246.32,4.175.246.56,20.105.224.46",
            "possible_outbound_ip_address_list": [
              "20.8.20.201",
              "20.8.20.216",
              "20.8.19.69",
              "20.8.20.217",
              "20.8.21.120",
              "20.8.21.121",
              "20.31.12.199",
              "4.175.242.173",
              "20.8.17.65",
              "4.175.245.22",
              "4.175.246.32",
              "4.175.246.56",
              "20.31.15.84",
              "20.31.15.85",
              "20.8.16.157",
              "20.8.17.122",
              "20.8.18.60",
              "20.8.19.55",
              "20.76.228.97",
              "20.8.20.48",
              "20.8.20.19",
              "20.8.21.128",
              "20.8.20.130",
              "20.8.20.157",
              "20.8.20.201",
              "20.8.20.216",
              "20.8.19.69",
              "20.8.20.217",
              "20.8.21.120",
              "20.8.21.121",
              "20.8.21.188",
              "20.8.21.210",
              "20.8.21.211",
              "20.8.21.214",
              "20.8.21.215",
              "20.8.22.0",
              "20.105.224.46"
            ],
            "possible_outbound_ip_addresses": "20.8.20.201,20.8.20.216,20.8.19.69,20.8.20.217,20.8.21.120,20.8.21.121,20.31.12.199,4.175.242.173,20.8.17.65,4.175.245.22,4.175.246.32,4.175.246.56,20.31.15.84,20.31.15.85,20.8.16.157,20.8.17.122,20.8.18.60,20.8.19.55,20.76.228.97,20.8.20.48,20.8.20.19,20.8.21.128,20.8.20.130,20.8.20.157,20.8.20.201,20.8.20.216,20.8.19.69,20.8.20.217,20.8.21.120,20.8.21.121,20.8.21.188,20.8.21.210,20.8.21.211,20.8.21.214,20.8.21.215,20.8.22.0,20.105.224.46",
            "resource_group_name": "RgBazars",
            "service_plan_id": "/subscriptions/b62e4c03-097f-45cb-8dff-7f1becf61d13/resourceGroups/RgBazars/providers/Microsoft.Web/serverfarms/bazarsplan",
            "site_config": [
              {
                "always_on": false,
                "api_definition_url": "",
                "api_management_api_id": "",
                "app_command_line": "",
                "application_stack": [
                  {
                    "docker_image": "",
                    "docker_image_tag": "",
                    "dotnet_version": "6.0",
                    "java_server": "",
                    "java_server_version": "",
                    "java_version": "",
                    "node_version": "",
                    "php_version": "",
                    "python_version": "",
                    "ruby_version": ""
                  }
                ],
                "auto_heal_enabled": false,
                "auto_heal_setting": [],
                "container_registry_managed_identity_client_id": "",
                "container_registry_use_managed_identity": false,
                "cors": [],
                "default_documents": [
                  "Default.htm",
                  "Default.html",
                  "Default.asp",
                  "index.htm",
                  "index.html",
                  "iisstart.htm",
                  "default.aspx",
                  "index.php",
                  "hostingstart.html"
                ],
                "detailed_error_logging_enabled": false,
                "ftps_state": "Disabled",
                "health_check_eviction_time_in_min": 0,
                "health_check_path": "",
                "http2_enabled": false,
                "ip_restriction": [],
                "linux_fx_version": "DOTNETCORE|6.0",
                "load_balancing_mode": "LeastRequests",
                "local_mysql_enabled": false,
                "managed_pipeline_mode": "Integrated",
                "minimum_tls_version": "1.2",
                "remote_debugging_enabled": false,
                "remote_debugging_version": "VS2019",
                "scm_ip_restriction": [],
                "scm_minimum_tls_version": "1.2",
                "scm_type": "None",
                "scm_use_main_ip_restriction": false,
                "use_32_bit_worker": true,
                "vnet_route_all_enabled": false,
                "websockets_enabled": false,
                "worker_count": 1
              }
            ],
            "site_credential": [
              {
                "name": "$bazarspipon",
                "password": "JftmfjW0YqgTbjJKaGz0nGMgPQesElX7t0LsNgucBpY8zv2idAmFgYvaZfmz"
              }
            ],
            "storage_account": [],
            "tags": null,
            "timeouts": null
          },
          "sensitive_attributes": [
            [
              {
                "type": "get_attr",
                "value": "connection_string"
              }
            ]
          ],
          "private": "eyJlMmJmYjczMC1lY2FhLTExZTYtOGY4OC0zNDM2M2JjN2M0YzAiOnsiY3JlYXRlIjoxODAwMDAwMDAwMDAwLCJkZWxldGUiOjE4MDAwMDAwMDAwMDAsInJlYWQiOjMwMDAwMDAwMDAwMCwidXBkYXRlIjoxODAwMDAwMDAwMDAwfX0=",
          "dependencies": [
            "azurerm_mssql_database.database",
            "azurerm_mssql_server.sqlserver",
            "azurerm_resource_group.rg",
            "azurerm_service_plan.asp"
          ]
        }
      ]
    },
    {
      "mode": "managed",
      "type": "azurerm_mssql_database",
      "name": "database",
      "provider": "provider[\"registry.terraform.io/hashicorp/azurerm\"]",
      "instances": [
        {
          "schema_version": 1,
          "attributes": {
            "auto_pause_delay_in_minutes": 0,
            "collation": "SQL_Latin1_General_CP1_CI_AS",
            "create_mode": "Default",
            "creation_source_database_id": null,
            "elastic_pool_id": "",
            "geo_backup_enabled": true,
            "id": "/subscriptions/b62e4c03-097f-45cb-8dff-7f1becf61d13/resourceGroups/RgBazars/providers/Microsoft.Sql/servers/bazars-sql/databases/BazarsDB",
            "license_type": "",
            "long_term_retention_policy": [
              {
                "monthly_retention": "PT0S",
                "week_of_year": 0,
                "weekly_retention": "PT0S",
                "yearly_retention": "PT0S"
              }
            ],
            "max_size_gb": 2,
            "min_capacity": 0,
            "name": "BazarsDB",
            "read_replica_count": 0,
            "read_scale": false,
            "recover_database_id": null,
            "restore_dropped_database_id": null,
            "restore_point_in_time": null,
            "sample_name": null,
            "server_id": "/subscriptions/b62e4c03-097f-45cb-8dff-7f1becf61d13/resourceGroups/RgBazars/providers/Microsoft.Sql/servers/bazars-sql",
            "short_term_retention_policy": [
              {
                "retention_days": 7
              }
            ],
            "sku_name": "S0",
            "storage_account_type": "Geo",
            "tags": null,
            "threat_detection_policy": [
              {
                "disabled_alerts": [],
                "email_account_admins": "Disabled",
                "email_addresses": [],
                "retention_days": 0,
                "state": "Disabled",
                "storage_account_access_key": "",
                "storage_endpoint": ""
              }
            ],
            "timeouts": null,
            "transparent_data_encryption_enabled": true,
            "zone_redundant": false
          },
          "sensitive_attributes": [],
          "private": "eyJlMmJmYjczMC1lY2FhLTExZTYtOGY4OC0zNDM2M2JjN2M0YzAiOnsiY3JlYXRlIjozNjAwMDAwMDAwMDAwLCJkZWxldGUiOjM2MDAwMDAwMDAwMDAsInJlYWQiOjMwMDAwMDAwMDAwMCwidXBkYXRlIjozNjAwMDAwMDAwMDAwfSwic2NoZW1hX3ZlcnNpb24iOiIxIn0=",
          "dependencies": [
            "azurerm_mssql_server.sqlserver",
            "azurerm_resource_group.rg"
          ]
        }
      ]
    },
    {
      "mode": "managed",
      "type": "azurerm_mssql_firewall_rule",
      "name": "firewall",
      "provider": "provider[\"registry.terraform.io/hashicorp/azurerm\"]",
      "instances": [
        {
          "schema_version": 0,
          "attributes": {
            "end_ip_address": "0.0.0.0",
            "id": "/subscriptions/b62e4c03-097f-45cb-8dff-7f1becf61d13/resourceGroups/RgBazars/providers/Microsoft.Sql/servers/bazars-sql/firewallRules/BazarsFirewallRule",
            "name": "BazarsFirewallRule",
            "server_id": "/subscriptions/b62e4c03-097f-45cb-8dff-7f1becf61d13/resourceGroups/RgBazars/providers/Microsoft.Sql/servers/bazars-sql",
            "start_ip_address": "0.0.0.0",
            "timeouts": null
          },
          "sensitive_attributes": [],
          "private": "eyJlMmJmYjczMC1lY2FhLTExZTYtOGY4OC0zNDM2M2JjN2M0YzAiOnsiY3JlYXRlIjoxODAwMDAwMDAwMDAwLCJkZWxldGUiOjE4MDAwMDAwMDAwMDAsInJlYWQiOjMwMDAwMDAwMDAwMCwidXBkYXRlIjoxODAwMDAwMDAwMDAwfX0=",
          "dependencies": [
            "azurerm_mssql_server.sqlserver",
            "azurerm_resource_group.rg"
          ]
        }
      ]
    },
    {
      "mode": "managed",
      "type": "azurerm_mssql_server",
      "name": "sqlserver",
      "provider": "provider[\"registry.terraform.io/hashicorp/azurerm\"]",
      "instances": [
        {
          "schema_version": 0,
          "attributes": {
            "administrator_login": "missadministrator",
            "administrator_login_password": "myStrongPassword12#",
            "azuread_administrator": [],
            "connection_policy": "Default",
            "fully_qualified_domain_name": "bazars-sql.database.windows.net",
            "id": "/subscriptions/b62e4c03-097f-45cb-8dff-7f1becf61d13/resourceGroups/RgBazars/providers/Microsoft.Sql/servers/bazars-sql",
            "identity": [],
            "location": "westeurope",
            "minimum_tls_version": "1.2",
            "name": "bazars-sql",
            "outbound_network_restriction_enabled": false,
            "primary_user_assigned_identity_id": "",
            "public_network_access_enabled": true,
            "resource_group_name": "RgBazars",
            "restorable_dropped_database_ids": [],
            "tags": null,
            "timeouts": null,
            "version": "12.0"
          },
          "sensitive_attributes": [],
          "private": "eyJlMmJmYjczMC1lY2FhLTExZTYtOGY4OC0zNDM2M2JjN2M0YzAiOnsiY3JlYXRlIjozNjAwMDAwMDAwMDAwLCJkZWxldGUiOjM2MDAwMDAwMDAwMDAsInJlYWQiOjMwMDAwMDAwMDAwMCwidXBkYXRlIjozNjAwMDAwMDAwMDAwfX0=",
          "dependencies": [
            "azurerm_resource_group.rg"
          ]
        }
      ]
    },
    {
      "mode": "managed",
      "type": "azurerm_resource_group",
      "name": "rg",
      "provider": "provider[\"registry.terraform.io/hashicorp/azurerm\"]",
      "instances": [
        {
          "schema_version": 0,
          "attributes": {
            "id": "/subscriptions/b62e4c03-097f-45cb-8dff-7f1becf61d13/resourceGroups/RgBazars",
            "location": "westeurope",
            "name": "RgBazars",
            "tags": null,
            "timeouts": null
          },
          "sensitive_attributes": [],
          "private": "eyJlMmJmYjczMC1lY2FhLTExZTYtOGY4OC0zNDM2M2JjN2M0YzAiOnsiY3JlYXRlIjo1NDAwMDAwMDAwMDAwLCJkZWxldGUiOjU0MDAwMDAwMDAwMDAsInJlYWQiOjMwMDAwMDAwMDAwMCwidXBkYXRlIjo1NDAwMDAwMDAwMDAwfX0="
        }
      ]
    },
    {
      "mode": "managed",
      "type": "azurerm_service_plan",
      "name": "asp",
      "provider": "provider[\"registry.terraform.io/hashicorp/azurerm\"]",
      "instances": [
        {
          "schema_version": 0,
          "attributes": {
            "app_service_environment_id": "",
            "id": "/subscriptions/b62e4c03-097f-45cb-8dff-7f1becf61d13/resourceGroups/RgBazars/providers/Microsoft.Web/serverfarms/bazarsplan",
            "kind": "linux",
            "location": "westeurope",
            "maximum_elastic_worker_count": 1,
            "name": "bazarsplan",
            "os_type": "Linux",
            "per_site_scaling_enabled": false,
            "reserved": true,
            "resource_group_name": "RgBazars",
            "sku_name": "F1",
            "tags": null,
            "timeouts": null,
            "worker_count": 1
          },
          "sensitive_attributes": [],
          "private": "eyJlMmJmYjczMC1lY2FhLTExZTYtOGY4OC0zNDM2M2JjN2M0YzAiOnsiY3JlYXRlIjozNjAwMDAwMDAwMDAwLCJkZWxldGUiOjM2MDAwMDAwMDAwMDAsInJlYWQiOjMwMDAwMDAwMDAwMCwidXBkYXRlIjozNjAwMDAwMDAwMDAwfX0=",
          "dependencies": [
            "azurerm_resource_group.rg"
          ]
        }
      ]
    }
  ],
  "check_results": null
}
